
Microsoft Visual Studio Solution File, Format Version 12.00
# Visual Studio 2012
Project("{FAE04EC0-301F-11D3-BF4B-00C04F79EFBC}") = "SmoothPanelSample", "SmoothPanelSample.csproj", "{D2488426-0340-45C6-B6AE-A10834233688}"
EndProject
Global
	GlobalSection(SolutionConfigurationPlatforms) = preSolution
		Debug|Any CPU = Debug|Any CPU
		Debug|x86 = Debug|x86
		Release|Any CPU = Release|Any CPU
		Release|x86 = Release|x86
	EndGlobalSection
	GlobalSection(ProjectConfigurationPlatforms) = postSolution
		{D2488426-0340-45C6-B6AE-A10834233688}.Debug|Any CPU.ActiveCfg = Debug|x86
		{D2488426-0340-45C6-B6AE-A10834233688}.Debug|Any CPU.Build.0 = Debug|x86
		{D2488426-0340-45C6-B6AE-A10834233688}.Debug|x86.ActiveCfg = Release|x86
		{D2488426-0340-45C6-B6AE-A10834233688}.Debug|x86.Build.0 = Release|x86
		{D2488426-0340-45C6-B6AE-A10834233688}.Release|Any CPU.ActiveCfg = Release|Any CPU
		{D2488426-0340-45C6-B6AE-A10834233688}.Release|Any CPU.Build.0 = Release|Any CPU
		{D2488426-0340-45C6-B6AE-A10834233688}.Release|x86.ActiveCfg = Release|x86
		{D2488426-0340-45C6-B6AE-A10834233688}.Release|x86.Build.0 = Release|x86
	EndGlobalSection
	GlobalSection(SolutionProperties) = preSolution
		HideSolutionNode = FALSE
	EndGlobalSection
EndGlobal
