
Microsoft Visual Studio Solution File, Format Version 12.00
# Visual Studio Version 16
VisualStudioVersion = 16.0.31105.61
MinimumVisualStudioVersion = 10.0.40219.1
Project("{2150E333-8FDC-42A3-9474-1A3956D46DE8}") = "1.MVVM", "1.MVVM", "{269B2586-47C7-4310-9AF3-AE8C4DE9FE85}"
EndProject
Project("{2150E333-8FDC-42A3-9474-1A3956D46DE8}") = "View Models", "View Models", "{2D8EAC4F-6142-4D90-B99D-E0EEA67D1DB6}"
EndProject
Project("{9A19103F-16F7-4668-BE54-9A1E7A4F7556}") = "1.BindableBase", "MVVM\View Models\1.BindableBase\1.BindableBase.csproj", "{48289DA1-44A7-4C4B-A050-B78C7E7E57E5}"
EndProject
Project("{9A19103F-16F7-4668-BE54-9A1E7A4F7556}") = "2.ViewModelBase", "MVVM\View Models\2.ViewModelBase\2.ViewModelBase.csproj", "{B7373C08-F119-4F1C-8560-08187DB90F51}"
EndProject
Project("{9A19103F-16F7-4668-BE54-9A1E7A4F7556}") = "3.PocoViewModels", "MVVM\View Models\3.PocoViewModels\3.PocoViewModels.csproj", "{8C8B1E9A-DEF7-48EB-8890-C3140D8F62B0}"
EndProject
Project("{2150E333-8FDC-42A3-9474-1A3956D46DE8}") = "Controls", "Controls", "{139717C7-D689-46F6-9F26-CABEAE365419}"
EndProject
Project("{2150E333-8FDC-42A3-9474-1A3956D46DE8}") = "PropertyGrid", "PropertyGrid", "{AACD2F69-B1DA-4260-BCDC-B8028F23D306}"
EndProject
Project("{9A19103F-16F7-4668-BE54-9A1E7A4F7556}") = "1.DXPropertyGrid", "Controls\PropertyGrid\1.DXPropertyGrid\1.DXPropertyGrid.csproj", "{FF0668EE-7EBF-40B1-8410-EEE44F1F9D47}"
EndProject
Project("{9A19103F-16F7-4668-BE54-9A1E7A4F7556}") = "2.PropertyDefinition", "Controls\PropertyGrid\2.PropertyDefinition\2.PropertyDefinition.csproj", "{3D77A1B0-2F92-4CB7-B860-A86B44DF4AD9}"
EndProject
Project("{9A19103F-16F7-4668-BE54-9A1E7A4F7556}") = "3.CollectionProperty", "Controls\PropertyGrid\3.CollectionProperty\3.CollectionProperty.csproj", "{1DC91AB1-0CEA-4A1D-865E-409B694169BD}"
EndProject
Project("{9A19103F-16F7-4668-BE54-9A1E7A4F7556}") = "4.Attributes", "Controls\PropertyGrid\4.Attributes\4.Attributes.csproj", "{8FFCDD6F-3905-4F58-9116-5FDDC2C7CFBB}"
EndProject
Project("{9A19103F-16F7-4668-BE54-9A1E7A4F7556}") = "5.Expandable", "Controls\PropertyGrid\5.Expandable\5.Expandable.csproj", "{3A496521-8188-4B76-8E7B-6654392BAA2D}"
EndProject
Project("{2150E333-8FDC-42A3-9474-1A3956D46DE8}") = "Wpf", "Wpf", "{078F4D71-DF32-4E60-9F3C-69E67546E41A}"
EndProject
Project("{2150E333-8FDC-42A3-9474-1A3956D46DE8}") = "Xaml", "Xaml", "{6FAF9DC0-9935-4F56-A899-04CF66AAD3B6}"
EndProject
Project("{2150E333-8FDC-42A3-9474-1A3956D46DE8}") = "TypeConverter", "TypeConverter", "{8C5EB2FC-F8D1-4F21-AEFA-096928286AE5}"
EndProject
Project("{9A19103F-16F7-4668-BE54-9A1E7A4F7556}") = "TypeConverterTest", "Wpf\Xaml\TypeConverter\TypeConverterTest\TypeConverterTest.csproj", "{904D9321-3C3D-428B-BA2D-D38A399B8FDF}"
EndProject
Project("{9A19103F-16F7-4668-BE54-9A1E7A4F7556}") = "TypeConverterUnitTest", "Wpf\Xaml\TypeConverter\TypeConverterUnitTest\TypeConverterUnitTest.csproj", "{284D79DA-ADE9-4C9A-AA62-236846B3BCEF}"
EndProject
Project("{2150E333-8FDC-42A3-9474-1A3956D46DE8}") = "Controls", "Controls", "{EDDED436-A358-43E5-9A8A-28EF414FBC13}"
EndProject
Project("{2150E333-8FDC-42A3-9474-1A3956D46DE8}") = "Samples", "Samples", "{1C958758-C73A-4F4F-A7DC-7E452F89B0FE}"
EndProject
Project("{FAE04EC0-301F-11D3-BF4B-00C04F79EFBC}") = "line_width_style_demo", "Wpf\Controls\Samples\line_width_style_demo\line_width_style_demo.csproj", "{BAA3B180-5403-4309-A9B2-620D784C4EAE}"
EndProject
Project("{2150E333-8FDC-42A3-9474-1A3956D46DE8}") = "DataGrid", "DataGrid", "{2881B10E-18CE-4236-9090-3DF1F3D466C6}"
EndProject
Project("{9A19103F-16F7-4668-BE54-9A1E7A4F7556}") = "1.DataGrid", "Controls\DataGrid\1.DataGrid\1.DataGrid.csproj", "{2A019B5C-F2CF-4408-AF67-F29BA3650D36}"
EndProject
Project("{2150E333-8FDC-42A3-9474-1A3956D46DE8}") = "Common", "Common", "{4CFBC4C4-AFBB-4C32-AC5B-0E4641E7B5E5}"
EndProject
Project("{2150E333-8FDC-42A3-9474-1A3956D46DE8}") = "Layout", "Layout", "{8109B2EB-71C8-44EC-B9E7-E6DA83EAEAE8}"
EndProject
Project("{2150E333-8FDC-42A3-9474-1A3956D46DE8}") = "Devexpress", "Devexpress", "{4D11C6A8-05E6-46F1-861A-FD8B1DB66FCD}"
EndProject
Project("{FAE04EC0-301F-11D3-BF4B-00C04F79EFBC}") = "Layout", "Devexpress\Common\Layout\Layout\Layout.csproj", "{D6FDF366-682A-4BEC-B009-BD3345302C85}"
EndProject
Global
	GlobalSection(SolutionConfigurationPlatforms) = preSolution
		Debug|Any CPU = Debug|Any CPU
		Release|Any CPU = Release|Any CPU
	EndGlobalSection
	GlobalSection(ProjectConfigurationPlatforms) = postSolution
		{48289DA1-44A7-4C4B-A050-B78C7E7E57E5}.Debug|Any CPU.ActiveCfg = Debug|Any CPU
		{48289DA1-44A7-4C4B-A050-B78C7E7E57E5}.Debug|Any CPU.Build.0 = Debug|Any CPU
		{48289DA1-44A7-4C4B-A050-B78C7E7E57E5}.Release|Any CPU.ActiveCfg = Release|Any CPU
		{48289DA1-44A7-4C4B-A050-B78C7E7E57E5}.Release|Any CPU.Build.0 = Release|Any CPU
		{B7373C08-F119-4F1C-8560-08187DB90F51}.Debug|Any CPU.ActiveCfg = Debug|Any CPU
		{B7373C08-F119-4F1C-8560-08187DB90F51}.Debug|Any CPU.Build.0 = Debug|Any CPU
		{B7373C08-F119-4F1C-8560-08187DB90F51}.Release|Any CPU.ActiveCfg = Release|Any CPU
		{B7373C08-F119-4F1C-8560-08187DB90F51}.Release|Any CPU.Build.0 = Release|Any CPU
		{8C8B1E9A-DEF7-48EB-8890-C3140D8F62B0}.Debug|Any CPU.ActiveCfg = Debug|Any CPU
		{8C8B1E9A-DEF7-48EB-8890-C3140D8F62B0}.Debug|Any CPU.Build.0 = Debug|Any CPU
		{8C8B1E9A-DEF7-48EB-8890-C3140D8F62B0}.Release|Any CPU.ActiveCfg = Release|Any CPU
		{8C8B1E9A-DEF7-48EB-8890-C3140D8F62B0}.Release|Any CPU.Build.0 = Release|Any CPU
		{FF0668EE-7EBF-40B1-8410-EEE44F1F9D47}.Debug|Any CPU.ActiveCfg = Debug|Any CPU
		{FF0668EE-7EBF-40B1-8410-EEE44F1F9D47}.Debug|Any CPU.Build.0 = Debug|Any CPU
		{FF0668EE-7EBF-40B1-8410-EEE44F1F9D47}.Release|Any CPU.ActiveCfg = Release|Any CPU
		{FF0668EE-7EBF-40B1-8410-EEE44F1F9D47}.Release|Any CPU.Build.0 = Release|Any CPU
		{3D77A1B0-2F92-4CB7-B860-A86B44DF4AD9}.Debug|Any CPU.ActiveCfg = Debug|Any CPU
		{3D77A1B0-2F92-4CB7-B860-A86B44DF4AD9}.Debug|Any CPU.Build.0 = Debug|Any CPU
		{3D77A1B0-2F92-4CB7-B860-A86B44DF4AD9}.Release|Any CPU.ActiveCfg = Release|Any CPU
		{3D77A1B0-2F92-4CB7-B860-A86B44DF4AD9}.Release|Any CPU.Build.0 = Release|Any CPU
		{1DC91AB1-0CEA-4A1D-865E-409B694169BD}.Debug|Any CPU.ActiveCfg = Debug|Any CPU
		{1DC91AB1-0CEA-4A1D-865E-409B694169BD}.Debug|Any CPU.Build.0 = Debug|Any CPU
		{1DC91AB1-0CEA-4A1D-865E-409B694169BD}.Release|Any CPU.ActiveCfg = Release|Any CPU
		{1DC91AB1-0CEA-4A1D-865E-409B694169BD}.Release|Any CPU.Build.0 = Release|Any CPU
		{8FFCDD6F-3905-4F58-9116-5FDDC2C7CFBB}.Debug|Any CPU.ActiveCfg = Debug|Any CPU
		{8FFCDD6F-3905-4F58-9116-5FDDC2C7CFBB}.Debug|Any CPU.Build.0 = Debug|Any CPU
		{8FFCDD6F-3905-4F58-9116-5FDDC2C7CFBB}.Release|Any CPU.ActiveCfg = Release|Any CPU
		{8FFCDD6F-3905-4F58-9116-5FDDC2C7CFBB}.Release|Any CPU.Build.0 = Release|Any CPU
		{3A496521-8188-4B76-8E7B-6654392BAA2D}.Debug|Any CPU.ActiveCfg = Debug|Any CPU
		{3A496521-8188-4B76-8E7B-6654392BAA2D}.Debug|Any CPU.Build.0 = Debug|Any CPU
		{3A496521-8188-4B76-8E7B-6654392BAA2D}.Release|Any CPU.ActiveCfg = Release|Any CPU
		{3A496521-8188-4B76-8E7B-6654392BAA2D}.Release|Any CPU.Build.0 = Release|Any CPU
		{904D9321-3C3D-428B-BA2D-D38A399B8FDF}.Debug|Any CPU.ActiveCfg = Debug|Any CPU
		{904D9321-3C3D-428B-BA2D-D38A399B8FDF}.Debug|Any CPU.Build.0 = Debug|Any CPU
		{904D9321-3C3D-428B-BA2D-D38A399B8FDF}.Release|Any CPU.ActiveCfg = Release|Any CPU
		{904D9321-3C3D-428B-BA2D-D38A399B8FDF}.Release|Any CPU.Build.0 = Release|Any CPU
		{284D79DA-ADE9-4C9A-AA62-236846B3BCEF}.Debug|Any CPU.ActiveCfg = Debug|Any CPU
		{284D79DA-ADE9-4C9A-AA62-236846B3BCEF}.Debug|Any CPU.Build.0 = Debug|Any CPU
		{284D79DA-ADE9-4C9A-AA62-236846B3BCEF}.Release|Any CPU.ActiveCfg = Release|Any CPU
		{284D79DA-ADE9-4C9A-AA62-236846B3BCEF}.Release|Any CPU.Build.0 = Release|Any CPU
		{BAA3B180-5403-4309-A9B2-620D784C4EAE}.Debug|Any CPU.ActiveCfg = Debug|Any CPU
		{BAA3B180-5403-4309-A9B2-620D784C4EAE}.Debug|Any CPU.Build.0 = Debug|Any CPU
		{BAA3B180-5403-4309-A9B2-620D784C4EAE}.Release|Any CPU.ActiveCfg = Release|Any CPU
		{BAA3B180-5403-4309-A9B2-620D784C4EAE}.Release|Any CPU.Build.0 = Release|Any CPU
		{2A019B5C-F2CF-4408-AF67-F29BA3650D36}.Debug|Any CPU.ActiveCfg = Debug|Any CPU
		{2A019B5C-F2CF-4408-AF67-F29BA3650D36}.Debug|Any CPU.Build.0 = Debug|Any CPU
		{2A019B5C-F2CF-4408-AF67-F29BA3650D36}.Release|Any CPU.ActiveCfg = Release|Any CPU
		{2A019B5C-F2CF-4408-AF67-F29BA3650D36}.Release|Any CPU.Build.0 = Release|Any CPU
		{D6FDF366-682A-4BEC-B009-BD3345302C85}.Debug|Any CPU.ActiveCfg = Debug|Any CPU
		{D6FDF366-682A-4BEC-B009-BD3345302C85}.Debug|Any CPU.Build.0 = Debug|Any CPU
		{D6FDF366-682A-4BEC-B009-BD3345302C85}.Release|Any CPU.ActiveCfg = Release|Any CPU
		{D6FDF366-682A-4BEC-B009-BD3345302C85}.Release|Any CPU.Build.0 = Release|Any CPU
	EndGlobalSection
	GlobalSection(SolutionProperties) = preSolution
		HideSolutionNode = FALSE
	EndGlobalSection
	GlobalSection(NestedProjects) = preSolution
		{269B2586-47C7-4310-9AF3-AE8C4DE9FE85} = {4D11C6A8-05E6-46F1-861A-FD8B1DB66FCD}
		{2D8EAC4F-6142-4D90-B99D-E0EEA67D1DB6} = {269B2586-47C7-4310-9AF3-AE8C4DE9FE85}
		{48289DA1-44A7-4C4B-A050-B78C7E7E57E5} = {2D8EAC4F-6142-4D90-B99D-E0EEA67D1DB6}
		{B7373C08-F119-4F1C-8560-08187DB90F51} = {2D8EAC4F-6142-4D90-B99D-E0EEA67D1DB6}
		{8C8B1E9A-DEF7-48EB-8890-C3140D8F62B0} = {2D8EAC4F-6142-4D90-B99D-E0EEA67D1DB6}
		{139717C7-D689-46F6-9F26-CABEAE365419} = {4D11C6A8-05E6-46F1-861A-FD8B1DB66FCD}
		{AACD2F69-B1DA-4260-BCDC-B8028F23D306} = {139717C7-D689-46F6-9F26-CABEAE365419}
		{FF0668EE-7EBF-40B1-8410-EEE44F1F9D47} = {AACD2F69-B1DA-4260-BCDC-B8028F23D306}
		{3D77A1B0-2F92-4CB7-B860-A86B44DF4AD9} = {AACD2F69-B1DA-4260-BCDC-B8028F23D306}
		{1DC91AB1-0CEA-4A1D-865E-409B694169BD} = {AACD2F69-B1DA-4260-BCDC-B8028F23D306}
		{8FFCDD6F-3905-4F58-9116-5FDDC2C7CFBB} = {AACD2F69-B1DA-4260-BCDC-B8028F23D306}
		{3A496521-8188-4B76-8E7B-6654392BAA2D} = {AACD2F69-B1DA-4260-BCDC-B8028F23D306}
		{6FAF9DC0-9935-4F56-A899-04CF66AAD3B6} = {078F4D71-DF32-4E60-9F3C-69E67546E41A}
		{8C5EB2FC-F8D1-4F21-AEFA-096928286AE5} = {6FAF9DC0-9935-4F56-A899-04CF66AAD3B6}
		{904D9321-3C3D-428B-BA2D-D38A399B8FDF} = {8C5EB2FC-F8D1-4F21-AEFA-096928286AE5}
		{284D79DA-ADE9-4C9A-AA62-236846B3BCEF} = {8C5EB2FC-F8D1-4F21-AEFA-096928286AE5}
		{EDDED436-A358-43E5-9A8A-28EF414FBC13} = {078F4D71-DF32-4E60-9F3C-69E67546E41A}
		{1C958758-C73A-4F4F-A7DC-7E452F89B0FE} = {EDDED436-A358-43E5-9A8A-28EF414FBC13}
		{BAA3B180-5403-4309-A9B2-620D784C4EAE} = {1C958758-C73A-4F4F-A7DC-7E452F89B0FE}
		{2881B10E-18CE-4236-9090-3DF1F3D466C6} = {139717C7-D689-46F6-9F26-CABEAE365419}
		{2A019B5C-F2CF-4408-AF67-F29BA3650D36} = {2881B10E-18CE-4236-9090-3DF1F3D466C6}
		{4CFBC4C4-AFBB-4C32-AC5B-0E4641E7B5E5} = {4D11C6A8-05E6-46F1-861A-FD8B1DB66FCD}
		{8109B2EB-71C8-44EC-B9E7-E6DA83EAEAE8} = {4CFBC4C4-AFBB-4C32-AC5B-0E4641E7B5E5}
		{D6FDF366-682A-4BEC-B009-BD3345302C85} = {8109B2EB-71C8-44EC-B9E7-E6DA83EAEAE8}
	EndGlobalSection
	GlobalSection(ExtensibilityGlobals) = postSolution
		SolutionGuid = {A26D33EA-3064-49AC-AC3B-E5AB2383890D}
	EndGlobalSection
EndGlobal
