
Microsoft Visual Studio Solution File, Format Version 12.00
# Visual Studio Version 16
VisualStudioVersion = 16.0.31105.61
MinimumVisualStudioVersion = 10.0.40219.1
Project("{2150E333-8FDC-42A3-9474-1A3956D46DE8}") = "1.MVVM", "1.MVVM", "{269B2586-47C7-4310-9AF3-AE8C4DE9FE85}"
EndProject
Project("{2150E333-8FDC-42A3-9474-1A3956D46DE8}") = "View Models", "View Models", "{2D8EAC4F-6142-4D90-B99D-E0EEA67D1DB6}"
EndProject
Project("{2150E333-8FDC-42A3-9474-1A3956D46DE8}") = "Controls", "Controls", "{139717C7-D689-46F6-9F26-CABEAE365419}"
EndProject
Project("{2150E333-8FDC-42A3-9474-1A3956D46DE8}") = "PropertyGrid", "PropertyGrid", "{AACD2F69-B1DA-4260-BCDC-B8028F23D306}"
EndProject
Project("{2150E333-8FDC-42A3-9474-1A3956D46DE8}") = "Wpf", "Wpf", "{078F4D71-DF32-4E60-9F3C-69E67546E41A}"
EndProject
Project("{2150E333-8FDC-42A3-9474-1A3956D46DE8}") = "Xaml", "Xaml", "{6FAF9DC0-9935-4F56-A899-04CF66AAD3B6}"
EndProject
Project("{2150E333-8FDC-42A3-9474-1A3956D46DE8}") = "TypeConverter", "TypeConverter", "{8C5EB2FC-F8D1-4F21-AEFA-096928286AE5}"
EndProject
Project("{9A19103F-16F7-4668-BE54-9A1E7A4F7556}") = "TypeConverterTest", "Wpf\Xaml\TypeConverter\TypeConverterTest\TypeConverterTest.csproj", "{904D9321-3C3D-428B-BA2D-D38A399B8FDF}"
EndProject
Project("{9A19103F-16F7-4668-BE54-9A1E7A4F7556}") = "TypeConverterUnitTest", "Wpf\Xaml\TypeConverter\TypeConverterUnitTest\TypeConverterUnitTest.csproj", "{284D79DA-ADE9-4C9A-AA62-236846B3BCEF}"
EndProject
Project("{2150E333-8FDC-42A3-9474-1A3956D46DE8}") = "Controls", "Controls", "{EDDED436-A358-43E5-9A8A-28EF414FBC13}"
EndProject
Project("{2150E333-8FDC-42A3-9474-1A3956D46DE8}") = "Samples", "Samples", "{1C958758-C73A-4F4F-A7DC-7E452F89B0FE}"
EndProject
Project("{FAE04EC0-301F-11D3-BF4B-00C04F79EFBC}") = "line_width_style_demo", "Wpf\Controls\Samples\line_width_style_demo\line_width_style_demo.csproj", "{BAA3B180-5403-4309-A9B2-620D784C4EAE}"
EndProject
Project("{2150E333-8FDC-42A3-9474-1A3956D46DE8}") = "DataGrid", "DataGrid", "{2881B10E-18CE-4236-9090-3DF1F3D466C6}"
EndProject
Project("{2150E333-8FDC-42A3-9474-1A3956D46DE8}") = "Common", "Common", "{4CFBC4C4-AFBB-4C32-AC5B-0E4641E7B5E5}"
EndProject
Project("{2150E333-8FDC-42A3-9474-1A3956D46DE8}") = "Devexpress", "Devexpress", "{4D11C6A8-05E6-46F1-861A-FD8B1DB66FCD}"
EndProject
Project("{9A19103F-16F7-4668-BE54-9A1E7A4F7556}") = "1.BindableBase", "Devexpress\MVVM\View Models\1.BindableBase\1.BindableBase.csproj", "{AB057789-8264-441B-BF38-D7CAFB89AC7A}"
EndProject
Project("{9A19103F-16F7-4668-BE54-9A1E7A4F7556}") = "2.ViewModelBase", "Devexpress\MVVM\View Models\2.ViewModelBase\2.ViewModelBase.csproj", "{F8BDEFE0-6ED0-4FB8-AD18-2DF67FFED002}"
EndProject
Project("{9A19103F-16F7-4668-BE54-9A1E7A4F7556}") = "3.PocoViewModels", "Devexpress\MVVM\View Models\3.PocoViewModels\3.PocoViewModels.csproj", "{2AE9282E-27D2-44D3-B982-A6B831CE70D5}"
EndProject
Project("{9A19103F-16F7-4668-BE54-9A1E7A4F7556}") = "1.DataGrid", "Devexpress\Controls\DataGrid\1.DataGrid\1.DataGrid.csproj", "{1013398F-4EC8-4CB1-BF9B-29349F554726}"
EndProject
Project("{9A19103F-16F7-4668-BE54-9A1E7A4F7556}") = "1.DXPropertyGrid", "Devexpress\Controls\PropertyGrid\1.DXPropertyGrid\1.DXPropertyGrid.csproj", "{3F02ED7D-6EC0-423C-8B6C-9964BA984373}"
EndProject
Project("{9A19103F-16F7-4668-BE54-9A1E7A4F7556}") = "2.PropertyDefinition", "Devexpress\Controls\PropertyGrid\2.PropertyDefinition\2.PropertyDefinition.csproj", "{519AC21D-4A9C-493A-98DE-E37801AE5824}"
EndProject
Project("{9A19103F-16F7-4668-BE54-9A1E7A4F7556}") = "3.CollectionProperty", "Devexpress\Controls\PropertyGrid\3.CollectionProperty\3.CollectionProperty.csproj", "{C8FF76CE-A36C-4D28-9F51-063BE6335E87}"
EndProject
Project("{9A19103F-16F7-4668-BE54-9A1E7A4F7556}") = "4.Attributes", "Devexpress\Controls\PropertyGrid\4.Attributes\4.Attributes.csproj", "{E9D4E144-07D0-41A8-B7BD-21F01E3C30C8}"
EndProject
Project("{9A19103F-16F7-4668-BE54-9A1E7A4F7556}") = "5.Expandable", "Devexpress\Controls\PropertyGrid\5.Expandable\5.Expandable.csproj", "{BF448B16-E831-4CB1-AA3D-D8C3145AED11}"
EndProject
Project("{9A19103F-16F7-4668-BE54-9A1E7A4F7556}") = "2.DisplayEditData", "Devexpress\Controls\DataGrid\2.DisplayEditData\2.DisplayEditData.csproj", "{E81482F2-A219-41BF-8514-1CEE9A694999}"
EndProject
Project("{2150E333-8FDC-42A3-9474-1A3956D46DE8}") = "LayoutManagement", "LayoutManagement", "{B6AFCA45-650E-4141-94D2-8C283219A4D3}"
EndProject
Project("{2150E333-8FDC-42A3-9474-1A3956D46DE8}") = "Docking", "Docking", "{A795F4C8-468A-4922-A919-B6CA659A4269}"
EndProject
Project("{9A19103F-16F7-4668-BE54-9A1E7A4F7556}") = "DockLayoutManager", "Devexpress\Controls\LayoutManagement\Docking\DockLayoutManager.csproj", "{35BED51F-A0A3-40F6-B94D-EE73AE1A4F19}"
EndProject
Project("{9A19103F-16F7-4668-BE54-9A1E7A4F7556}") = "WorkspaceManager", "Devexpress\Controls\LayoutManagement\WorkspaceManager\WorkspaceManager.csproj", "{6F4CCF6E-4CD1-47C3-910C-B84FC1523992}"
EndProject
Project("{9A19103F-16F7-4668-BE54-9A1E7A4F7556}") = "WorkspaceAutoSaveLoad", "Devexpress\Controls\LayoutManagement\WorkspaceAutoSaveLoad\WorkspaceAutoSaveLoad.csproj", "{01BDFE1F-CFAA-4CE5-8495-B593CA0C6A33}"
EndProject
Project("{2150E333-8FDC-42A3-9474-1A3956D46DE8}") = "MIF", "MIF", "{437371A7-0B6A-472D-9B42-3E61BB39F883}"
EndProject
Project("{9A19103F-16F7-4668-BE54-9A1E7A4F7556}") = "MifCommon", "Devexpress\MVVM\MIF\MifCommon\MifCommon.csproj", "{149C23A7-0B9D-40D7-A72E-114C0C7202BD}"
EndProject
Project("{9A19103F-16F7-4668-BE54-9A1E7A4F7556}") = "MifModules", "Devexpress\MVVM\MIF\MifModules\MifModules.csproj", "{4C8B697A-9731-4E43-B1C5-4DB2D640CC88}"
	ProjectSection(ProjectDependencies) = postProject
		{149C23A7-0B9D-40D7-A72E-114C0C7202BD} = {149C23A7-0B9D-40D7-A72E-114C0C7202BD}
	EndProjectSection
EndProject
Project("{9A19103F-16F7-4668-BE54-9A1E7A4F7556}") = "MIFRestoreState", "Devexpress\MVVM\MIF\MIFRestoreState\MIFRestoreState.csproj", "{804BF097-6F9D-4DA9-9B1D-13AE98471648}"
	ProjectSection(ProjectDependencies) = postProject
		{4C8B697A-9731-4E43-B1C5-4DB2D640CC88} = {4C8B697A-9731-4E43-B1C5-4DB2D640CC88}
		{149C23A7-0B9D-40D7-A72E-114C0C7202BD} = {149C23A7-0B9D-40D7-A72E-114C0C7202BD}
	EndProjectSection
EndProject
Global
	GlobalSection(SolutionConfigurationPlatforms) = preSolution
		Debug|Any CPU = Debug|Any CPU
		Release|Any CPU = Release|Any CPU
	EndGlobalSection
	GlobalSection(ProjectConfigurationPlatforms) = postSolution
		{904D9321-3C3D-428B-BA2D-D38A399B8FDF}.Debug|Any CPU.ActiveCfg = Debug|Any CPU
		{904D9321-3C3D-428B-BA2D-D38A399B8FDF}.Debug|Any CPU.Build.0 = Debug|Any CPU
		{904D9321-3C3D-428B-BA2D-D38A399B8FDF}.Release|Any CPU.ActiveCfg = Release|Any CPU
		{904D9321-3C3D-428B-BA2D-D38A399B8FDF}.Release|Any CPU.Build.0 = Release|Any CPU
		{284D79DA-ADE9-4C9A-AA62-236846B3BCEF}.Debug|Any CPU.ActiveCfg = Debug|Any CPU
		{284D79DA-ADE9-4C9A-AA62-236846B3BCEF}.Debug|Any CPU.Build.0 = Debug|Any CPU
		{284D79DA-ADE9-4C9A-AA62-236846B3BCEF}.Release|Any CPU.ActiveCfg = Release|Any CPU
		{284D79DA-ADE9-4C9A-AA62-236846B3BCEF}.Release|Any CPU.Build.0 = Release|Any CPU
		{BAA3B180-5403-4309-A9B2-620D784C4EAE}.Debug|Any CPU.ActiveCfg = Debug|Any CPU
		{BAA3B180-5403-4309-A9B2-620D784C4EAE}.Debug|Any CPU.Build.0 = Debug|Any CPU
		{BAA3B180-5403-4309-A9B2-620D784C4EAE}.Release|Any CPU.ActiveCfg = Release|Any CPU
		{BAA3B180-5403-4309-A9B2-620D784C4EAE}.Release|Any CPU.Build.0 = Release|Any CPU
		{AB057789-8264-441B-BF38-D7CAFB89AC7A}.Debug|Any CPU.ActiveCfg = Debug|Any CPU
		{AB057789-8264-441B-BF38-D7CAFB89AC7A}.Debug|Any CPU.Build.0 = Debug|Any CPU
		{AB057789-8264-441B-BF38-D7CAFB89AC7A}.Release|Any CPU.ActiveCfg = Release|Any CPU
		{AB057789-8264-441B-BF38-D7CAFB89AC7A}.Release|Any CPU.Build.0 = Release|Any CPU
		{F8BDEFE0-6ED0-4FB8-AD18-2DF67FFED002}.Debug|Any CPU.ActiveCfg = Debug|Any CPU
		{F8BDEFE0-6ED0-4FB8-AD18-2DF67FFED002}.Debug|Any CPU.Build.0 = Debug|Any CPU
		{F8BDEFE0-6ED0-4FB8-AD18-2DF67FFED002}.Release|Any CPU.ActiveCfg = Release|Any CPU
		{F8BDEFE0-6ED0-4FB8-AD18-2DF67FFED002}.Release|Any CPU.Build.0 = Release|Any CPU
		{2AE9282E-27D2-44D3-B982-A6B831CE70D5}.Debug|Any CPU.ActiveCfg = Debug|Any CPU
		{2AE9282E-27D2-44D3-B982-A6B831CE70D5}.Debug|Any CPU.Build.0 = Debug|Any CPU
		{2AE9282E-27D2-44D3-B982-A6B831CE70D5}.Release|Any CPU.ActiveCfg = Release|Any CPU
		{2AE9282E-27D2-44D3-B982-A6B831CE70D5}.Release|Any CPU.Build.0 = Release|Any CPU
		{1013398F-4EC8-4CB1-BF9B-29349F554726}.Debug|Any CPU.ActiveCfg = Debug|Any CPU
		{1013398F-4EC8-4CB1-BF9B-29349F554726}.Debug|Any CPU.Build.0 = Debug|Any CPU
		{1013398F-4EC8-4CB1-BF9B-29349F554726}.Release|Any CPU.ActiveCfg = Release|Any CPU
		{1013398F-4EC8-4CB1-BF9B-29349F554726}.Release|Any CPU.Build.0 = Release|Any CPU
		{3F02ED7D-6EC0-423C-8B6C-9964BA984373}.Debug|Any CPU.ActiveCfg = Debug|Any CPU
		{3F02ED7D-6EC0-423C-8B6C-9964BA984373}.Debug|Any CPU.Build.0 = Debug|Any CPU
		{3F02ED7D-6EC0-423C-8B6C-9964BA984373}.Release|Any CPU.ActiveCfg = Release|Any CPU
		{3F02ED7D-6EC0-423C-8B6C-9964BA984373}.Release|Any CPU.Build.0 = Release|Any CPU
		{519AC21D-4A9C-493A-98DE-E37801AE5824}.Debug|Any CPU.ActiveCfg = Debug|Any CPU
		{519AC21D-4A9C-493A-98DE-E37801AE5824}.Debug|Any CPU.Build.0 = Debug|Any CPU
		{519AC21D-4A9C-493A-98DE-E37801AE5824}.Release|Any CPU.ActiveCfg = Release|Any CPU
		{519AC21D-4A9C-493A-98DE-E37801AE5824}.Release|Any CPU.Build.0 = Release|Any CPU
		{C8FF76CE-A36C-4D28-9F51-063BE6335E87}.Debug|Any CPU.ActiveCfg = Debug|Any CPU
		{C8FF76CE-A36C-4D28-9F51-063BE6335E87}.Debug|Any CPU.Build.0 = Debug|Any CPU
		{C8FF76CE-A36C-4D28-9F51-063BE6335E87}.Release|Any CPU.ActiveCfg = Release|Any CPU
		{C8FF76CE-A36C-4D28-9F51-063BE6335E87}.Release|Any CPU.Build.0 = Release|Any CPU
		{E9D4E144-07D0-41A8-B7BD-21F01E3C30C8}.Debug|Any CPU.ActiveCfg = Debug|Any CPU
		{E9D4E144-07D0-41A8-B7BD-21F01E3C30C8}.Debug|Any CPU.Build.0 = Debug|Any CPU
		{E9D4E144-07D0-41A8-B7BD-21F01E3C30C8}.Release|Any CPU.ActiveCfg = Release|Any CPU
		{E9D4E144-07D0-41A8-B7BD-21F01E3C30C8}.Release|Any CPU.Build.0 = Release|Any CPU
		{BF448B16-E831-4CB1-AA3D-D8C3145AED11}.Debug|Any CPU.ActiveCfg = Debug|Any CPU
		{BF448B16-E831-4CB1-AA3D-D8C3145AED11}.Debug|Any CPU.Build.0 = Debug|Any CPU
		{BF448B16-E831-4CB1-AA3D-D8C3145AED11}.Release|Any CPU.ActiveCfg = Release|Any CPU
		{BF448B16-E831-4CB1-AA3D-D8C3145AED11}.Release|Any CPU.Build.0 = Release|Any CPU
		{E81482F2-A219-41BF-8514-1CEE9A694999}.Debug|Any CPU.ActiveCfg = Debug|Any CPU
		{E81482F2-A219-41BF-8514-1CEE9A694999}.Debug|Any CPU.Build.0 = Debug|Any CPU
		{E81482F2-A219-41BF-8514-1CEE9A694999}.Release|Any CPU.ActiveCfg = Release|Any CPU
		{E81482F2-A219-41BF-8514-1CEE9A694999}.Release|Any CPU.Build.0 = Release|Any CPU
		{35BED51F-A0A3-40F6-B94D-EE73AE1A4F19}.Debug|Any CPU.ActiveCfg = Debug|Any CPU
		{35BED51F-A0A3-40F6-B94D-EE73AE1A4F19}.Debug|Any CPU.Build.0 = Debug|Any CPU
		{35BED51F-A0A3-40F6-B94D-EE73AE1A4F19}.Release|Any CPU.ActiveCfg = Release|Any CPU
		{35BED51F-A0A3-40F6-B94D-EE73AE1A4F19}.Release|Any CPU.Build.0 = Release|Any CPU
		{6F4CCF6E-4CD1-47C3-910C-B84FC1523992}.Debug|Any CPU.ActiveCfg = Debug|Any CPU
		{6F4CCF6E-4CD1-47C3-910C-B84FC1523992}.Debug|Any CPU.Build.0 = Debug|Any CPU
		{6F4CCF6E-4CD1-47C3-910C-B84FC1523992}.Release|Any CPU.ActiveCfg = Release|Any CPU
		{6F4CCF6E-4CD1-47C3-910C-B84FC1523992}.Release|Any CPU.Build.0 = Release|Any CPU
		{01BDFE1F-CFAA-4CE5-8495-B593CA0C6A33}.Debug|Any CPU.ActiveCfg = Debug|Any CPU
		{01BDFE1F-CFAA-4CE5-8495-B593CA0C6A33}.Debug|Any CPU.Build.0 = Debug|Any CPU
		{01BDFE1F-CFAA-4CE5-8495-B593CA0C6A33}.Release|Any CPU.ActiveCfg = Release|Any CPU
		{01BDFE1F-CFAA-4CE5-8495-B593CA0C6A33}.Release|Any CPU.Build.0 = Release|Any CPU
		{149C23A7-0B9D-40D7-A72E-114C0C7202BD}.Debug|Any CPU.ActiveCfg = Debug|Any CPU
		{149C23A7-0B9D-40D7-A72E-114C0C7202BD}.Debug|Any CPU.Build.0 = Debug|Any CPU
		{149C23A7-0B9D-40D7-A72E-114C0C7202BD}.Release|Any CPU.ActiveCfg = Release|Any CPU
		{149C23A7-0B9D-40D7-A72E-114C0C7202BD}.Release|Any CPU.Build.0 = Release|Any CPU
		{4C8B697A-9731-4E43-B1C5-4DB2D640CC88}.Debug|Any CPU.ActiveCfg = Debug|Any CPU
		{4C8B697A-9731-4E43-B1C5-4DB2D640CC88}.Debug|Any CPU.Build.0 = Debug|Any CPU
		{4C8B697A-9731-4E43-B1C5-4DB2D640CC88}.Release|Any CPU.ActiveCfg = Release|Any CPU
		{4C8B697A-9731-4E43-B1C5-4DB2D640CC88}.Release|Any CPU.Build.0 = Release|Any CPU
		{804BF097-6F9D-4DA9-9B1D-13AE98471648}.Debug|Any CPU.ActiveCfg = Debug|Any CPU
		{804BF097-6F9D-4DA9-9B1D-13AE98471648}.Debug|Any CPU.Build.0 = Debug|Any CPU
		{804BF097-6F9D-4DA9-9B1D-13AE98471648}.Release|Any CPU.ActiveCfg = Release|Any CPU
		{804BF097-6F9D-4DA9-9B1D-13AE98471648}.Release|Any CPU.Build.0 = Release|Any CPU
	EndGlobalSection
	GlobalSection(SolutionProperties) = preSolution
		HideSolutionNode = FALSE
	EndGlobalSection
	GlobalSection(NestedProjects) = preSolution
		{269B2586-47C7-4310-9AF3-AE8C4DE9FE85} = {4D11C6A8-05E6-46F1-861A-FD8B1DB66FCD}
		{2D8EAC4F-6142-4D90-B99D-E0EEA67D1DB6} = {269B2586-47C7-4310-9AF3-AE8C4DE9FE85}
		{139717C7-D689-46F6-9F26-CABEAE365419} = {4D11C6A8-05E6-46F1-861A-FD8B1DB66FCD}
		{AACD2F69-B1DA-4260-BCDC-B8028F23D306} = {139717C7-D689-46F6-9F26-CABEAE365419}
		{6FAF9DC0-9935-4F56-A899-04CF66AAD3B6} = {078F4D71-DF32-4E60-9F3C-69E67546E41A}
		{8C5EB2FC-F8D1-4F21-AEFA-096928286AE5} = {6FAF9DC0-9935-4F56-A899-04CF66AAD3B6}
		{904D9321-3C3D-428B-BA2D-D38A399B8FDF} = {8C5EB2FC-F8D1-4F21-AEFA-096928286AE5}
		{284D79DA-ADE9-4C9A-AA62-236846B3BCEF} = {8C5EB2FC-F8D1-4F21-AEFA-096928286AE5}
		{EDDED436-A358-43E5-9A8A-28EF414FBC13} = {078F4D71-DF32-4E60-9F3C-69E67546E41A}
		{1C958758-C73A-4F4F-A7DC-7E452F89B0FE} = {EDDED436-A358-43E5-9A8A-28EF414FBC13}
		{BAA3B180-5403-4309-A9B2-620D784C4EAE} = {1C958758-C73A-4F4F-A7DC-7E452F89B0FE}
		{2881B10E-18CE-4236-9090-3DF1F3D466C6} = {139717C7-D689-46F6-9F26-CABEAE365419}
		{4CFBC4C4-AFBB-4C32-AC5B-0E4641E7B5E5} = {4D11C6A8-05E6-46F1-861A-FD8B1DB66FCD}
		{AB057789-8264-441B-BF38-D7CAFB89AC7A} = {2D8EAC4F-6142-4D90-B99D-E0EEA67D1DB6}
		{F8BDEFE0-6ED0-4FB8-AD18-2DF67FFED002} = {2D8EAC4F-6142-4D90-B99D-E0EEA67D1DB6}
		{2AE9282E-27D2-44D3-B982-A6B831CE70D5} = {2D8EAC4F-6142-4D90-B99D-E0EEA67D1DB6}
		{1013398F-4EC8-4CB1-BF9B-29349F554726} = {2881B10E-18CE-4236-9090-3DF1F3D466C6}
		{3F02ED7D-6EC0-423C-8B6C-9964BA984373} = {AACD2F69-B1DA-4260-BCDC-B8028F23D306}
		{519AC21D-4A9C-493A-98DE-E37801AE5824} = {AACD2F69-B1DA-4260-BCDC-B8028F23D306}
		{C8FF76CE-A36C-4D28-9F51-063BE6335E87} = {AACD2F69-B1DA-4260-BCDC-B8028F23D306}
		{E9D4E144-07D0-41A8-B7BD-21F01E3C30C8} = {AACD2F69-B1DA-4260-BCDC-B8028F23D306}
		{BF448B16-E831-4CB1-AA3D-D8C3145AED11} = {AACD2F69-B1DA-4260-BCDC-B8028F23D306}
		{E81482F2-A219-41BF-8514-1CEE9A694999} = {2881B10E-18CE-4236-9090-3DF1F3D466C6}
		{B6AFCA45-650E-4141-94D2-8C283219A4D3} = {139717C7-D689-46F6-9F26-CABEAE365419}
		{A795F4C8-468A-4922-A919-B6CA659A4269} = {B6AFCA45-650E-4141-94D2-8C283219A4D3}
		{35BED51F-A0A3-40F6-B94D-EE73AE1A4F19} = {A795F4C8-468A-4922-A919-B6CA659A4269}
		{6F4CCF6E-4CD1-47C3-910C-B84FC1523992} = {B6AFCA45-650E-4141-94D2-8C283219A4D3}
		{01BDFE1F-CFAA-4CE5-8495-B593CA0C6A33} = {B6AFCA45-650E-4141-94D2-8C283219A4D3}
		{437371A7-0B6A-472D-9B42-3E61BB39F883} = {269B2586-47C7-4310-9AF3-AE8C4DE9FE85}
		{149C23A7-0B9D-40D7-A72E-114C0C7202BD} = {437371A7-0B6A-472D-9B42-3E61BB39F883}
		{4C8B697A-9731-4E43-B1C5-4DB2D640CC88} = {437371A7-0B6A-472D-9B42-3E61BB39F883}
		{804BF097-6F9D-4DA9-9B1D-13AE98471648} = {437371A7-0B6A-472D-9B42-3E61BB39F883}
	EndGlobalSection
	GlobalSection(ExtensibilityGlobals) = postSolution
		SolutionGuid = {A26D33EA-3064-49AC-AC3B-E5AB2383890D}
	EndGlobalSection
EndGlobal
